
Microsoft Visual Studio Solution File, Format Version 12.00
# Visual Studio Version 16
VisualStudioVersion = 16.0.32929.386
MinimumVisualStudioVersion = 10.0.40219.1
Project("{C9674DCB-5085-4A16-B785-4C70DD1589BD}") = "DATH", "DATH\DATH.dtproj", "{6CE3238E-6D37-4140-B577-AA0C01942495}"
EndProject
Global
	GlobalSection(SolutionConfigurationPlatforms) = preSolution
		Development|Default = Development|Default
	EndGlobalSection
	GlobalSection(ProjectConfigurationPlatforms) = postSolution
		{6CE3238E-6D37-4140-B577-AA0C01942495}.Development|Default.ActiveCfg = Development
		{6CE3238E-6D37-4140-B577-AA0C01942495}.Development|Default.Build.0 = Development
	EndGlobalSection
	GlobalSection(SolutionProperties) = preSolution
		HideSolutionNode = FALSE
	EndGlobalSection
	GlobalSection(ExtensibilityGlobals) = postSolution
		SolutionGuid = {435344ED-A11E-41C9-9AF2-5BC6592B886C}
	EndGlobalSection
EndGlobal
